FORMAT=1
TARGET_PLATFORM=linux/amd64
DOCKER_SERVER_VERSION=29.1.3
DOCKER_CLIENT_VERSION=29.1.3
IMAGE_STORE_DRIVER=io.containerd.snapshotter.v1
DOCKER_ROOT_CONFIG_DIR=/etc/dji4g-public-edge/docker-cli
DOCKER_ROOT_CONFIG_SHA256=ca3d163bab055381827226140568f3bef7eaac187cebd76878e0b63e9e442356
COMPOSE_CLI_VERSION=2.40.3
COMPOSE_PACKAGE_NAME=docker-compose-v2
COMPOSE_PACKAGE_VERSION=2.40.3+ds1-0ubuntu1~24.04.1
COMPOSE_PLUGIN_PATH=/usr/libexec/docker/cli-plugins/docker-compose
COMPOSE_LINUX_AMD64_SHA256=d87a11e944c990dc9f2186115b1136c1cbffffc870845caff0cbdcce0780f41d
COMPOSE_STATIC_DARWIN_ARM64_VERSION=2.40.3
COMPOSE_STATIC_DARWIN_ARM64_SHA256=8cd7eb5f95bacb536cc407111662e2c205d67d9abfea5dcb8400be8418db60d1
CLOUDFLARED_IMAGE=cloudflare/cloudflared@sha256:e39ee8da81ad5e05d77f38d2f51c60ca51bf2a8450ac3abab50c17fdb91d91bf
BUILDX_VERSION=0.30.1
BUILDX_PLUGIN_PATH=/usr/libexec/docker/cli-plugins/docker-buildx
BUILDX_LINUX_AMD64_SHA256=c37114fcd034025ec68e224657c8a5a850df472ded3ddcbca75ad3a7ebb9710d
DOCKERFILE_FRONTEND=docker.io/docker/dockerfile:1.20.0@sha256:26147acbda4f14c5add9946e2fd2ed543fc402884fd75146bd342a7f6271dc1d
GO_BUILDER_IMAGE=docker.io/library/golang@sha256:3bf5b04541eb4a37fe62aa1bc9c98a1dec09db9d2e79c1d2eb54e3c9d08dbca9
GO_BUILDER_TARGET_DIGEST=sha256:3bf5b04541eb4a37fe62aa1bc9c98a1dec09db9d2e79c1d2eb54e3c9d08dbca9
GO_VERSION=1.26.3
GOPROXY=https://proxy.golang.org
GOSUMDB=sum.golang.org
SYFT_IMAGE=anchore/syft@sha256:41f8289664101d6ebab30a97ac8df6b6f86b92d8343285ca90f428e2bc353106
SYFT_VERSION=1.51.0
GRYPE_IMAGE=anchore/grype@sha256:ab8d929faec38875a45aba74c9651549cd096756d1981773c04375f282e91075
GRYPE_VERSION=0.117.0
GRYPE_DB_SCHEMA_VERSION=v6.1.9
GRYPE_DB_MAX_AGE_HOURS=48
